
Microsoft Visual Studio Solution File, Format Version 12.00
# Visual Studio Version 16
VisualStudioVersion = 16.0.31402.337
MinimumVisualStudioVersion = 10.0.40219.1
Project("{FAE04EC0-301F-11D3-BF4B-00C04F79EFBC}") = "Doom", "Doom\Doom.csproj", "{83AA8CF2-1F97-4712-B7BE-B0004D5E5ABD}"
EndProject
Global
	GlobalSection(SolutionConfigurationPlatforms) = preSolution
		Debug|Any CPU = Debug|Any CPU
		Release|Any CPU = Release|Any CPU
	EndGlobalSection
	GlobalSection(ProjectConfigurationPlatforms) = postSolution
		{83AA8CF2-1F97-4712-B7BE-B0004D5E5ABD}.Debug|Any CPU.ActiveCfg = Debug|Any CPU
		{83AA8CF2-1F97-4712-B7BE-B0004D5E5ABD}.Debug|Any CPU.Build.0 = Debug|Any CPU
		{83AA8CF2-1F97-4712-B7BE-B0004D5E5ABD}.Release|Any CPU.ActiveCfg = Release|Any CPU
		{83AA8CF2-1F97-4712-B7BE-B0004D5E5ABD}.Release|Any CPU.Build.0 = Release|Any CPU
	EndGlobalSection
	GlobalSection(SolutionProperties) = preSolution
		HideSolutionNode = FALSE
	EndGlobalSection
	GlobalSection(ExtensibilityGlobals) = postSolution
		SolutionGuid = {6AF645CC-B0A5-4995-9A01-42BCF6CD946A}
	EndGlobalSection
EndGlobal
